
Microsoft Visual Studio Solution File, Format Version 12.00
# Visual Studio Version 17
VisualStudioVersion = 17.3.32819.101
MinimumVisualStudioVersion = 10.0.40219.1
Project("{888888A0-9F3D-457C-B088-3A5042F75D52}") = "funktsioonid 2", "funktsioonid 2.pyproj", "{D8615684-2D30-4901-8CBD-A3031040E71A}"
EndProject
Global
	GlobalSection(SolutionConfigurationPlatforms) = preSolution
		Debug|Any CPU = Debug|Any CPU
		Release|Any CPU = Release|Any CPU
	EndGlobalSection
	GlobalSection(ProjectConfigurationPlatforms) = postSolution
		{D8615684-2D30-4901-8CBD-A3031040E71A}.Debug|Any CPU.ActiveCfg = Debug|Any CPU
		{D8615684-2D30-4901-8CBD-A3031040E71A}.Release|Any CPU.ActiveCfg = Release|Any CPU
	EndGlobalSection
	GlobalSection(SolutionProperties) = preSolution
		HideSolutionNode = FALSE
	EndGlobalSection
	GlobalSection(ExtensibilityGlobals) = postSolution
		SolutionGuid = {14522591-88D5-4BD0-8BB2-F37D0D812FB3}
	EndGlobalSection
EndGlobal
